{
  "name": "run-control",
  "version": "1.0.0",
  "lockfileVersion": 1,
  "requires": true,
  "dependencies": {
    "encoding": {
      "version": "0.1.12",
      "resolved": "https://registry.npmjs.org/encoding/-/encoding-0.1.12.tgz",
      "integrity": "sha1-U4tm8+5izRq1HsMjgp0flIDHS+s=",
      "dev": true,
      "requires": {
        "iconv-lite": "0.4.19"
      }
    },
    "iconv-lite": {
      "version": "0.4.19",
      "resolved": "https://registry.npmjs.org/iconv-lite/-/iconv-lite-0.4.19.tgz",
      "integrity": "sha512-oTZqweIP51xaGPI4uPa56/Pri/480R+mo7SeU+YETByQNhDG55ycFyNLIgta9vXhILrxXDmF7ZGhqZIcuN0gJQ==",
      "dev": true
    },
    "is-stream": {
      "version": "1.1.0",
      "resolved": "https://registry.npmjs.org/is-stream/-/is-stream-1.1.0.tgz",
      "integrity": "sha1-EtSj3U5o4Lec6428hBc66A2RykQ=",
      "dev": true
    },
    "node-fetch": {
      "version": "1.7.3",
      "resolved": "https://registry.npmjs.org/node-fetch/-/node-fetch-1.7.3.tgz",
      "integrity": "sha512-NhZ4CsKx7cYm2vSrBAr2PvFOe6sWDf0UYLRqA6svUYg7+/TSfVAu49jYC4BvQ4Sms9SZgdqGBgroqfDhJdTyKQ==",
      "dev": true,
      "requires": {
        "encoding": "0.1.12",
        "is-stream": "1.1.0"
      }
    },
    "parallel-throttle": {
      "version": "1.0.0",
      "resolved": "https://registry.npmjs.org/parallel-throttle/-/parallel-throttle-1.0.0.tgz",
      "integrity": "sha512-uIXWX2N3tLVeAWc/1wNexLlPqr8RDMX4pkROAKiGiF4A+YgrA5NtsmyK+QPwM/TnEfUO/R6/xLlJKjJQ+Q3jlA=="
    },
    "promise-throttle": {
      "version": "0.3.1",
      "resolved": "https://registry.npmjs.org/promise-throttle/-/promise-throttle-0.3.1.tgz",
      "integrity": "sha1-dIO4rJVxLQKs3kWKJDYpKegljM0="
    },
    "request-facebook": {
      "version": "1.0.0",
      "resolved": "https://registry.npmjs.org/request-facebook/-/request-facebook-1.0.0.tgz",
      "integrity": "sha512-5vo7O1oSjFOSQR2CqCBg5Xg9XclXrWNvXI+WGrvPE5A0c3aK4W7wGJ51You1okMIl/gNOM8VFM7bnsdAV/WsJQ==",
      "dev": true,
      "requires": {
        "node-fetch": "1.7.3",
        "url-join": "2.0.2"
      }
    },
    "retry-times": {
      "version": "1.0.0",
      "resolved": "https://registry.npmjs.org/retry-times/-/retry-times-1.0.0.tgz",
      "integrity": "sha512-ehMeYyC1AqD16fC/tyXK1c+EGw8cxmmgvJ3YhOBqheBUEby3l5fp/MIJAasr70r09Z7ODCuHgDiDF+DrgRPTFg=="
    },
    "url-join": {
      "version": "2.0.2",
      "resolved": "https://registry.npmjs.org/url-join/-/url-join-2.0.2.tgz",
      "integrity": "sha1-wHJ1aWetJLi1nldBVRyqx49QuLc=",
      "dev": true
    }
  }
}
